
Microsoft Visual Studio Solution File, Format Version 12.00
# Visual Studio Version 17
VisualStudioVersion = 17.8.34330.188
MinimumVisualStudioVersion = 10.0.40219.1
Project("{9A19103F-16F7-4668-BE54-9A1E7A4F7556}") = "CalculatorAPI", "CalculatorAPI\CalculatorAPI.csproj", "{ED181284-22D1-4D19-9210-1AF3CD0D478E}"
EndProject
Project("{FAE04EC0-301F-11D3-BF4B-00C04F79EFBC}") = "CalculatorClassLibrary", "CalculatorClassLibrary\CalculatorClassLibrary.csproj", "{D5E7FC09-F646-4B44-93A4-776F446D5DE3}"
EndProject
Project("{FAE04EC0-301F-11D3-BF4B-00C04F79EFBC}") = "CalculatorUnitTest", "CalculatorUnitTest\CalculatorUnitTest.csproj", "{262C889E-F365-4F88-A644-6AA03FB4BA18}"
EndProject
Global
	GlobalSection(SolutionConfigurationPlatforms) = preSolution
		Debug|Any CPU = Debug|Any CPU
		Release|Any CPU = Release|Any CPU
	EndGlobalSection
	GlobalSection(ProjectConfigurationPlatforms) = postSolution
		{ED181284-22D1-4D19-9210-1AF3CD0D478E}.Debug|Any CPU.ActiveCfg = Debug|Any CPU
		{ED181284-22D1-4D19-9210-1AF3CD0D478E}.Debug|Any CPU.Build.0 = Debug|Any CPU
		{ED181284-22D1-4D19-9210-1AF3CD0D478E}.Release|Any CPU.ActiveCfg = Release|Any CPU
		{ED181284-22D1-4D19-9210-1AF3CD0D478E}.Release|Any CPU.Build.0 = Release|Any CPU
		{D5E7FC09-F646-4B44-93A4-776F446D5DE3}.Debug|Any CPU.ActiveCfg = Debug|Any CPU
		{D5E7FC09-F646-4B44-93A4-776F446D5DE3}.Debug|Any CPU.Build.0 = Debug|Any CPU
		{D5E7FC09-F646-4B44-93A4-776F446D5DE3}.Release|Any CPU.ActiveCfg = Release|Any CPU
		{D5E7FC09-F646-4B44-93A4-776F446D5DE3}.Release|Any CPU.Build.0 = Release|Any CPU
		{262C889E-F365-4F88-A644-6AA03FB4BA18}.Debug|Any CPU.ActiveCfg = Debug|Any CPU
		{262C889E-F365-4F88-A644-6AA03FB4BA18}.Debug|Any CPU.Build.0 = Debug|Any CPU
		{262C889E-F365-4F88-A644-6AA03FB4BA18}.Release|Any CPU.ActiveCfg = Release|Any CPU
		{262C889E-F365-4F88-A644-6AA03FB4BA18}.Release|Any CPU.Build.0 = Release|Any CPU
	EndGlobalSection
	GlobalSection(SolutionProperties) = preSolution
		HideSolutionNode = FALSE
	EndGlobalSection
	GlobalSection(ExtensibilityGlobals) = postSolution
		SolutionGuid = {F0641E1A-A465-4A42-B494-950B65B4CAFF}
	EndGlobalSection
EndGlobal
